
Microsoft Visual Studio Solution File, Format Version 12.00
# Visual Studio Version 16
VisualStudioVersion = 16.0.30717.126
MinimumVisualStudioVersion = 10.0.40219.1
Project("{9A19103F-16F7-4668-BE54-9A1E7A4F7556}") = "RazorEngineConsole", "RazorEngineConsole\RazorEngineConsole.csproj", "{D6AD1F35-EFCC-4BCF-91EB-1317FDE370C6}"
EndProject
Project("{9A19103F-16F7-4668-BE54-9A1E7A4F7556}") = "RazorWebApi", "..\RazorWebApi\RazorWebApi.csproj", "{0148A9F6-B136-46D7-95F1-6FD4DBB72B5B}"
EndProject
Project("{9A19103F-16F7-4668-BE54-9A1E7A4F7556}") = "RazorEngingeNetCoreConsole", "RazorEngingeNetCoreConsole\RazorEngingeNetCoreConsole.csproj", "{04D843F6-C8D5-4525-90B0-BB8166CCA052}"
EndProject
Project("{FAE04EC0-301F-11D3-BF4B-00C04F79EFBC}") = "RazorEngine.Mailing.Library", "RazorEngine.Mailing.Library\RazorEngine.Mailing.Library.csproj", "{0FDFDEF6-6799-43C0-B65E-ED393D4AEF07}"
EndProject
Global
	GlobalSection(SolutionConfigurationPlatforms) = preSolution
		Debug|Any CPU = Debug|Any CPU
		Release|Any CPU = Release|Any CPU
	EndGlobalSection
	GlobalSection(ProjectConfigurationPlatforms) = postSolution
		{D6AD1F35-EFCC-4BCF-91EB-1317FDE370C6}.Debug|Any CPU.ActiveCfg = Debug|Any CPU
		{D6AD1F35-EFCC-4BCF-91EB-1317FDE370C6}.Debug|Any CPU.Build.0 = Debug|Any CPU
		{D6AD1F35-EFCC-4BCF-91EB-1317FDE370C6}.Release|Any CPU.ActiveCfg = Release|Any CPU
		{D6AD1F35-EFCC-4BCF-91EB-1317FDE370C6}.Release|Any CPU.Build.0 = Release|Any CPU
		{0148A9F6-B136-46D7-95F1-6FD4DBB72B5B}.Debug|Any CPU.ActiveCfg = Debug|Any CPU
		{0148A9F6-B136-46D7-95F1-6FD4DBB72B5B}.Debug|Any CPU.Build.0 = Debug|Any CPU
		{0148A9F6-B136-46D7-95F1-6FD4DBB72B5B}.Release|Any CPU.ActiveCfg = Release|Any CPU
		{0148A9F6-B136-46D7-95F1-6FD4DBB72B5B}.Release|Any CPU.Build.0 = Release|Any CPU
		{04D843F6-C8D5-4525-90B0-BB8166CCA052}.Debug|Any CPU.ActiveCfg = Debug|Any CPU
		{04D843F6-C8D5-4525-90B0-BB8166CCA052}.Debug|Any CPU.Build.0 = Debug|Any CPU
		{04D843F6-C8D5-4525-90B0-BB8166CCA052}.Release|Any CPU.ActiveCfg = Release|Any CPU
		{04D843F6-C8D5-4525-90B0-BB8166CCA052}.Release|Any CPU.Build.0 = Release|Any CPU
		{0FDFDEF6-6799-43C0-B65E-ED393D4AEF07}.Debug|Any CPU.ActiveCfg = Debug|Any CPU
		{0FDFDEF6-6799-43C0-B65E-ED393D4AEF07}.Debug|Any CPU.Build.0 = Debug|Any CPU
		{0FDFDEF6-6799-43C0-B65E-ED393D4AEF07}.Release|Any CPU.ActiveCfg = Release|Any CPU
		{0FDFDEF6-6799-43C0-B65E-ED393D4AEF07}.Release|Any CPU.Build.0 = Release|Any CPU
	EndGlobalSection
	GlobalSection(SolutionProperties) = preSolution
		HideSolutionNode = FALSE
	EndGlobalSection
	GlobalSection(ExtensibilityGlobals) = postSolution
		SolutionGuid = {D7BE63D2-42BC-4133-B5CB-E11D365FB9F7}
	EndGlobalSection
EndGlobal
